// !$*UTF8*$!
{
	archiveVersion = 1;
	classes = {
	};
	objectVersion = 46;
	objects = {

/* Begin PBXBuildFile section */
		5695CF001922C0E400E711D0 /* AAPLEAGLLayer.m in Sources */ = {isa = PBXBuildFile; fileRef = 5695CEFF1922C0E400E711D0 /* AAPLEAGLLayer.m */; };
		56B86DF71905E96800627A25 /* InfoPlist.strings in Resources */ = {isa = PBXBuildFile; fileRef = 56B86DF51905E96800627A25 /* InfoPlist.strings */; };
		56B86DF91905E96800627A25 /* main.m in Sources */ = {isa = PBXBuildFile; fileRef = 56B86DF81905E96800627A25 /* main.m */; };
		56B86DFD1905E96800627A25 /* AAPLAppDelegate.m in Sources */ = {isa = PBXBuildFile; fileRef = 56B86DFC1905E96800627A25 /* AAPLAppDelegate.m */; };
		56B86E001905E96800627A25 /* Main.storyboard in Resources */ = {isa = PBXBuildFile; fileRef = 56B86DFE1905E96800627A25 /* Main.storyboard */; };
		56B86E031905E96800627A25 /* AAPLViewController.m in Sources */ = {isa = PBXBuildFile; fileRef = 56B86E021905E96800627A25 /* AAPLViewController.m */; };
		56B86E051905E96800627A25 /* Images.xcassets in Resources */ = {isa = PBXBuildFile; fileRef = 56B86E041905E96800627A25 /* Images.xcassets */; };
		56B86E121905E96800627A25 /* InfoPlist.strings in Resources */ = {isa = PBXBuildFile; fileRef = 56B86E101905E96800627A25 /* InfoPlist.strings */; };
		56B86E141905E96800627A25 /* VideoTimeLineTests.m in Sources */ = {isa = PBXBuildFile; fileRef = 56B86E131905E96800627A25 /* VideoTimeLineTests.m */; };
		56D9048C191C548500184248 /* Shader.fsh in Resources */ = {isa = PBXBuildFile; fileRef = 56D9048A191C548500184248 /* Shader.fsh */; };
		56D9048D191C548500184248 /* Shader.vsh in Resources */ = {isa = PBXBuildFile; fileRef = 56D9048B191C548500184248 /* Shader.vsh */; };
		D7124A03195B640800E0E3D3 /* MainIPhone.storyboard in Resources */ = {isa = PBXBuildFile; fileRef = D7124A02195B640800E0E3D3 /* MainIPhone.storyboard */; };
		D715776C195B85C600D277D4 /* sample_iPod.m4v in Resources */ = {isa = PBXBuildFile; fileRef = D715776B195B85B400D277D4 /* sample_iPod.m4v */; };
/* End PBXBuildFile section */

/* Begin PBXContainerItemProxy section */
		56B86E0B1905E96800627A25 /* PBXContainerItemProxy */ = {
			isa = PBXContainerItemProxy;
			containerPortal = 56B86DE81905E96800627A25 /* Project object */;
			proxyType = 1;
			remoteGlobalIDString = 56B86DEF1905E96800627A25;
			remoteInfo = VideoTimeLine;
		};
/* End PBXContainerItemProxy section */

/* Begin PBXFileReference section */
		5604FDC5191446B5003A2B16 /* AVFoundation.framework */ = {isa = PBXFileReference; lastKnownFileType = wrapper.framework; name = AVFoundation.framework; path = System/Library/Frameworks/AVFoundation.framework; sourceTree = SDKROOT; };
		5604FDC7191446BC003A2B16 /* CoreVideo.framework */ = {isa = PBXFileReference; lastKnownFileType = wrapper.framework; name = CoreVideo.framework; path = System/Library/Frameworks/CoreVideo.framework; sourceTree = SDKROOT; };
		5604FDC8191446BC003A2B16 /* VideoToolbox.framework */ = {isa = PBXFileReference; lastKnownFileType = wrapper.framework; name = VideoToolbox.framework; path = System/Library/Frameworks/VideoToolbox.framework; sourceTree = SDKROOT; };
		5604FDCB191446C8003A2B16 /* CoreMedia.framework */ = {isa = PBXFileReference; lastKnownFileType = wrapper.framework; name = CoreMedia.framework; path = System/Library/Frameworks/CoreMedia.framework; sourceTree = SDKROOT; };
		5604FDCD191446CF003A2B16 /* Foundation.framework */ = {isa = PBXFileReference; lastKnownFileType = wrapper.framework; name = Foundation.framework; path = System/Library/Frameworks/Foundation.framework; sourceTree = SDKROOT; };
		5604FDCF191446D5003A2B16 /* MobileCoreServices.framework */ = {isa = PBXFileReference; lastKnownFileType = wrapper.framework; name = MobileCoreServices.framework; path = System/Library/Frameworks/MobileCoreServices.framework; sourceTree = SDKROOT; };
		5604FDD1191446DB003A2B16 /* OpenGLES.framework */ = {isa = PBXFileReference; lastKnownFileType = wrapper.framework; name = OpenGLES.framework; path = System/Library/Frameworks/OpenGLES.framework; sourceTree = SDKROOT; };
		5604FDD319144703003A2B16 /* UIKit.framework */ = {isa = PBXFileReference; lastKnownFileType = wrapper.framework; name = UIKit.framework; path = Platforms/iPhoneOS.platform/Developer/SDKs/iPhoneOS8.0.Internal.sdk/System/Library/Frameworks/UIKit.framework; sourceTree = DEVELOPER_DIR; };
		5695CEFE1922C0E400E711D0 /* AAPLEAGLLayer.h */ = {isa = PBXFileReference; fileEncoding = 4; lastKnownFileType = sourcecode.c.h; path = AAPLEAGLLayer.h; sourceTree = "<group>"; };
		5695CEFF1922C0E400E711D0 /* AAPLEAGLLayer.m */ = {isa = PBXFileReference; fileEncoding = 4; lastKnownFileType = sourcecode.c.objc; path = AAPLEAGLLayer.m; sourceTree = "<group>"; };
		56B86DF01905E96800627A25 /* VideoTimeLine.app */ = {isa = PBXFileReference; explicitFileType = wrapper.application; includeInIndex = 0; path = VideoTimeLine.app; sourceTree = BUILT_PRODUCTS_DIR; };
		56B86DF41905E96800627A25 /* VideoTimeLine-Info.plist */ = {isa = PBXFileReference; lastKnownFileType = text.plist.xml; path = "VideoTimeLine-Info.plist"; sourceTree = "<group>"; };
		56B86DF61905E96800627A25 /* en */ = {isa = PBXFileReference; lastKnownFileType = text.plist.strings; name = en; path = en.lproj/InfoPlist.strings; sourceTree = "<group>"; };
		56B86DF81905E96800627A25 /* main.m */ = {isa = PBXFileReference; lastKnownFileType = sourcecode.c.objc; path = main.m; sourceTree = "<group>"; };
		56B86DFA1905E96800627A25 /* VideoTimeLine-Prefix.pch */ = {isa = PBXFileReference; lastKnownFileType = sourcecode.c.h; path = "VideoTimeLine-Prefix.pch"; sourceTree = "<group>"; };
		56B86DFB1905E96800627A25 /* AAPLAppDelegate.h */ = {isa = PBXFileReference; lastKnownFileType = sourcecode.c.h; path = AAPLAppDelegate.h; sourceTree = "<group>"; };
		56B86DFC1905E96800627A25 /* AAPLAppDelegate.m */ = {isa = PBXFileReference; lastKnownFileType = sourcecode.c.objc; path = AAPLAppDelegate.m; sourceTree = "<group>"; };
		56B86DFF1905E96800627A25 /* Base */ = {isa = PBXFileReference; lastKnownFileType = file.storyboard; name = Base; path = Base.lproj/Main.storyboard; sourceTree = "<group>"; };
		56B86E011905E96800627A25 /* AAPLViewController.h */ = {isa = PBXFileReference; lastKnownFileType = sourcecode.c.h; path = AAPLViewController.h; sourceTree = "<group>"; };
		56B86E021905E96800627A25 /* AAPLViewController.m */ = {isa = PBXFileReference; lastKnownFileType = sourcecode.c.objc; path = AAPLViewController.m; sourceTree = "<group>"; };
		56B86E041905E96800627A25 /* Images.xcassets */ = {isa = PBXFileReference; lastKnownFileType = folder.assetcatalog; path = Images.xcassets; sourceTree = "<group>"; };
		56B86E0A1905E96800627A25 /* VideoTimeLineTests.xctest */ = {isa = PBXFileReference; explicitFileType = wrapper.cfbundle; includeInIndex = 0; path = VideoTimeLineTests.xctest; sourceTree = BUILT_PRODUCTS_DIR; };
		56B86E0F1905E96800627A25 /* VideoTimeLineTests-Info.plist */ = {isa = PBXFileReference; lastKnownFileType = text.plist.xml; path = "VideoTimeLineTests-Info.plist"; sourceTree = "<group>"; };
		56B86E111905E96800627A25 /* en */ = {isa = PBXFileReference; lastKnownFileType = text.plist.strings; name = en; path = en.lproj/InfoPlist.strings; sourceTree = "<group>"; };
		56B86E131905E96800627A25 /* VideoTimeLineTests.m */ = {isa = PBXFileReference; lastKnownFileType = sourcecode.c.objc; path = VideoTimeLineTests.m; sourceTree = "<group>"; };
		56D9048A191C548500184248 /* Shader.fsh */ = {isa = PBXFileReference; fileEncoding = 4; lastKnownFileType = sourcecode.glsl; path = Shader.fsh; sourceTree = "<group>"; };
		56D9048B191C548500184248 /* Shader.vsh */ = {isa = PBXFileReference; fileEncoding = 4; lastKnownFileType = sourcecode.glsl; path = Shader.vsh; sourceTree = "<group>"; };
		D7124A02195B640800E0E3D3 /* MainIPhone.storyboard */ = {isa = PBXFileReference; fileEncoding = 4; lastKnownFileType = file.storyboard; path = MainIPhone.storyboard; sourceTree = "<group>"; };
		D715776B195B85B400D277D4 /* sample_iPod.m4v */ = {isa = PBXFileReference; lastKnownFileType = file; path = sample_iPod.m4v; sourceTree = "<group>"; };
/* End PBXFileReference section */

/* Begin PBXFrameworksBuildPhase section */
		56B86DED1905E96800627A25 /* Frameworks */ = {
			isa = PBXFrameworksBuildPhase;
			buildActionMask = 2147483647;
			files = (
			);
			runOnlyForDeploymentPostprocessing = 0;
		};
		56B86E071905E96800627A25 /* Frameworks */ = {
			isa = PBXFrameworksBuildPhase;
			buildActionMask = 2147483647;
			files = (
			);
			runOnlyForDeploymentPostprocessing = 0;
		};
/* End PBXFrameworksBuildPhase section */

/* Begin PBXGroup section */
		5604FDBE1914458B003A2B16 /* Frameworks */ = {
			isa = PBXGroup;
			children = (
				5604FDD319144703003A2B16 /* UIKit.framework */,
				5604FDD1191446DB003A2B16 /* OpenGLES.framework */,
				5604FDCF191446D5003A2B16 /* MobileCoreServices.framework */,
				5604FDCD191446CF003A2B16 /* Foundation.framework */,
				5604FDCB191446C8003A2B16 /* CoreMedia.framework */,
				5604FDC7191446BC003A2B16 /* CoreVideo.framework */,
				5604FDC8191446BC003A2B16 /* VideoToolbox.framework */,
				5604FDC5191446B5003A2B16 /* AVFoundation.framework */,
			);
			name = Frameworks;
			sourceTree = "<group>";
		};
		56B86DE71905E96800627A25 = {
			isa = PBXGroup;
			children = (
				5604FDBE1914458B003A2B16 /* Frameworks */,
				56B86DF21905E96800627A25 /* VideoTimeLine */,
				56B86E0D1905E96800627A25 /* VideoTimeLineTests */,
				56B86DF11905E96800627A25 /* Products */,
			);
			sourceTree = "<group>";
		};
		56B86DF11905E96800627A25 /* Products */ = {
			isa = PBXGroup;
			children = (
				56B86DF01905E96800627A25 /* VideoTimeLine.app */,
				56B86E0A1905E96800627A25 /* VideoTimeLineTests.xctest */,
			);
			name = Products;
			sourceTree = "<group>";
		};
		56B86DF21905E96800627A25 /* VideoTimeLine */ = {
			isa = PBXGroup;
			children = (
				56D90489191C546400184248 /* Shaders */,
				5695CEFE1922C0E400E711D0 /* AAPLEAGLLayer.h */,
				5695CEFF1922C0E400E711D0 /* AAPLEAGLLayer.m */,
				56B86DFB1905E96800627A25 /* AAPLAppDelegate.h */,
				56B86DFC1905E96800627A25 /* AAPLAppDelegate.m */,
				56B86DFE1905E96800627A25 /* Main.storyboard */,
				D7124A02195B640800E0E3D3 /* MainIPhone.storyboard */,
				56B86E011905E96800627A25 /* AAPLViewController.h */,
				56B86E021905E96800627A25 /* AAPLViewController.m */,
				56B86E041905E96800627A25 /* Images.xcassets */,
				D715776B195B85B400D277D4 /* sample_iPod.m4v */,
				56B86DF31905E96800627A25 /* Supporting Files */,
			);
			path = VideoTimeLine;
			sourceTree = "<group>";
		};
		56B86DF31905E96800627A25 /* Supporting Files */ = {
			isa = PBXGroup;
			children = (
				56B86DF41905E96800627A25 /* VideoTimeLine-Info.plist */,
				56B86DF51905E96800627A25 /* InfoPlist.strings */,
				56B86DF81905E96800627A25 /* main.m */,
				56B86DFA1905E96800627A25 /* VideoTimeLine-Prefix.pch */,
			);
			name = "Supporting Files";
			sourceTree = "<group>";
		};
		56B86E0D1905E96800627A25 /* VideoTimeLineTests */ = {
			isa = PBXGroup;
			children = (
				56B86E131905E96800627A25 /* VideoTimeLineTests.m */,
				56B86E0E1905E96800627A25 /* Supporting Files */,
			);
			path = VideoTimeLineTests;
			sourceTree = "<group>";
		};
		56B86E0E1905E96800627A25 /* Supporting Files */ = {
			isa = PBXGroup;
			children = (
				56B86E0F1905E96800627A25 /* VideoTimeLineTests-Info.plist */,
				56B86E101905E96800627A25 /* InfoPlist.strings */,
			);
			name = "Supporting Files";
			sourceTree = "<group>";
		};
		56D90489191C546400184248 /* Shaders */ = {
			isa = PBXGroup;
			children = (
				56D9048A191C548500184248 /* Shader.fsh */,
				56D9048B191C548500184248 /* Shader.vsh */,
			);
			name = Shaders;
			sourceTree = "<group>";
		};
/* End PBXGroup section */

/* Begin PBXNativeTarget section */
		56B86DEF1905E96800627A25 /* VideoTimeLine */ = {
			isa = PBXNativeTarget;
			buildConfigurationList = 56B86E171905E96800627A25 /* Build configuration list for PBXNativeTarget "VideoTimeLine" */;
			buildPhases = (
				56B86DEC1905E96800627A25 /* Sources */,
				56B86DED1905E96800627A25 /* Frameworks */,
				56B86DEE1905E96800627A25 /* Resources */,
			);
			buildRules = (
			);
			dependencies = (
			);
			name = VideoTimeLine;
			productName = VideoTimeLine;
			productReference = 56B86DF01905E96800627A25 /* VideoTimeLine.app */;
			productType = "com.apple.product-type.application";
		};
		56B86E091905E96800627A25 /* VideoTimeLineTests */ = {
			isa = PBXNativeTarget;
			buildConfigurationList = 56B86E1A1905E96800627A25 /* Build configuration list for PBXNativeTarget "VideoTimeLineTests" */;
			buildPhases = (
				56B86E061905E96800627A25 /* Sources */,
				56B86E071905E96800627A25 /* Frameworks */,
				56B86E081905E96800627A25 /* Resources */,
			);
			buildRules = (
			);
			dependencies = (
				56B86E0C1905E96800627A25 /* PBXTargetDependency */,
			);
			name = VideoTimeLineTests;
			productName = VideoTimeLineTests;
			productReference = 56B86E0A1905E96800627A25 /* VideoTimeLineTests.xctest */;
			productType = "com.apple.product-type.bundle.unit-test";
		};
/* End PBXNativeTarget section */

/* Begin PBXProject section */
		56B86DE81905E96800627A25 /* Project object */ = {
			isa = PBXProject;
			attributes = {
				LastUpgradeCheck = 0600;
				ORGANIZATIONNAME = "Apple Inc.";
				TargetAttributes = {
					56B86DEF1905E96800627A25 = {
						DevelopmentTeam = 8CCURL78W6;
					};
					56B86E091905E96800627A25 = {
						TestTargetID = 56B86DEF1905E96800627A25;
					};
				};
			};
			buildConfigurationList = 56B86DEB1905E96800627A25 /* Build configuration list for PBXProject "VideoTimeLine" */;
			compatibilityVersion = "Xcode 3.2";
			developmentRegion = English;
			hasScannedForEncodings = 0;
			knownRegions = (
				en,
				Base,
			);
			mainGroup = 56B86DE71905E96800627A25;
			productRefGroup = 56B86DF11905E96800627A25 /* Products */;
			projectDirPath = "";
			projectRoot = "";
			targets = (
				56B86DEF1905E96800627A25 /* VideoTimeLine */,
				56B86E091905E96800627A25 /* VideoTimeLineTests */,
			);
		};
/* End PBXProject section */

/* Begin PBXResourcesBuildPhase section */
		56B86DEE1905E96800627A25 /* Resources */ = {
			isa = PBXResourcesBuildPhase;
			buildActionMask = 2147483647;
			files = (
				D715776C195B85C600D277D4 /* sample_iPod.m4v in Resources */,
				56B86E051905E96800627A25 /* Images.xcassets in Resources */,
				56D9048D191C548500184248 /* Shader.vsh in Resources */,
				56B86DF71905E96800627A25 /* InfoPlist.strings in Resources */,
				56B86E001905E96800627A25 /* Main.storyboard in Resources */,
				D7124A03195B640800E0E3D3 /* MainIPhone.storyboard in Resources */,
				56D9048C191C548500184248 /* Shader.fsh in Resources */,
			);
			runOnlyForDeploymentPostprocessing = 0;
		};
		56B86E081905E96800627A25 /* Resources */ = {
			isa = PBXResourcesBuildPhase;
			buildActionMask = 2147483647;
			files = (
				56B86E121905E96800627A25 /* InfoPlist.strings in Resources */,
			);
			runOnlyForDeploymentPostprocessing = 0;
		};
/* End PBXResourcesBuildPhase section */

/* Begin PBXSourcesBuildPhase section */
		56B86DEC1905E96800627A25 /* Sources */ = {
			isa = PBXSourcesBuildPhase;
			buildActionMask = 2147483647;
			files = (
				5695CF001922C0E400E711D0 /* AAPLEAGLLayer.m in Sources */,
				56B86E031905E96800627A25 /* AAPLViewController.m in Sources */,
				56B86DFD1905E96800627A25 /* AAPLAppDelegate.m in Sources */,
				56B86DF91905E96800627A25 /* main.m in Sources */,
			);
			runOnlyForDeploymentPostprocessing = 0;
		};
		56B86E061905E96800627A25 /* Sources */ = {
			isa = PBXSourcesBuildPhase;
			buildActionMask = 2147483647;
			files = (
				56B86E141905E96800627A25 /* VideoTimeLineTests.m in Sources */,
			);
			runOnlyForDeploymentPostprocessing = 0;
		};
/* End PBXSourcesBuildPhase section */

/* Begin PBXTargetDependency section */
		56B86E0C1905E96800627A25 /* PBXTargetDependency */ = {
			isa = PBXTargetDependency;
			target = 56B86DEF1905E96800627A25 /* VideoTimeLine */;
			targetProxy = 56B86E0B1905E96800627A25 /* PBXContainerItemProxy */;
		};
/* End PBXTargetDependency section */

/* Begin PBXVariantGroup section */
		56B86DF51905E96800627A25 /* InfoPlist.strings */ = {
			isa = PBXVariantGroup;
			children = (
				56B86DF61905E96800627A25 /* en */,
			);
			name = InfoPlist.strings;
			sourceTree = "<group>";
		};
		56B86DFE1905E96800627A25 /* Main.storyboard */ = {
			isa = PBXVariantGroup;
			children = (
				56B86DFF1905E96800627A25 /* Base */,
			);
			name = Main.storyboard;
			sourceTree = "<group>";
		};
		56B86E101905E96800627A25 /* InfoPlist.strings */ = {
			isa = PBXVariantGroup;
			children = (
				56B86E111905E96800627A25 /* en */,
			);
			name = InfoPlist.strings;
			sourceTree = "<group>";
		};
/* End PBXVariantGroup section */

/* Begin XCBuildConfiguration section */
		56B86E151905E96800627A25 /* Debug */ = {
			isa = XCBuildConfiguration;
			buildSettings = {
				ALWAYS_SEARCH_USER_PATHS = NO;
				AXLE_ENABLE_DEBUG_INFO = YES;
				CLANG_CXX_LANGUAGE_STANDARD = "gnu++0x";
				CLANG_CXX_LIBRARY = "libc++";
				CLANG_ENABLE_MODULES = YES;
				CLANG_ENABLE_OBJC_ARC = YES;
				CLANG_WARN_ASSIGN_ENUM = YES;
				CLANG_WARN_BOOL_CONVERSION = YES;
				CLANG_WARN_CONSTANT_CONVERSION = YES;
				CLANG_WARN_DIRECT_OBJC_ISA_USAGE = YES_ERROR;
				CLANG_WARN_EMPTY_BODY = YES;
				CLANG_WARN_ENUM_CONVERSION = YES;
				CLANG_WARN_INT_CONVERSION = YES;
				CLANG_WARN_OBJC_ROOT_CLASS = YES_ERROR;
				CLANG_WARN__DUPLICATE_METHOD_MATCH = YES;
				"CODE_SIGN_IDENTITY[sdk=iphoneos*]" = "iPhone Developer";
				COPY_PHASE_STRIP = NO;
				GCC_C_LANGUAGE_STANDARD = gnu99;
				GCC_DYNAMIC_NO_PIC = NO;
				GCC_OPTIMIZATION_LEVEL = 0;
				GCC_PREPROCESSOR_DEFINITIONS = (
					"DEBUG=1",
					"$(inherited)",
				);
				GCC_SYMBOLS_PRIVATE_EXTERN = NO;
				GCC_WARN_64_TO_32_BIT_CONVERSION = YES;
				GCC_WARN_ABOUT_RETURN_TYPE = YES_ERROR;
				GCC_WARN_UNDECLARED_SELECTOR = YES;
				GCC_WARN_UNINITIALIZED_AUTOS = YES_AGGRESSIVE;
				GCC_WARN_UNUSED_FUNCTION = YES;
				GCC_WARN_UNUSED_VARIABLE = YES;
				IPHONEOS_DEPLOYMENT_TARGET = 8.0;
				ONLY_ACTIVE_ARCH = YES;
				SDKROOT = iphoneos;
				TARGETED_DEVICE_FAMILY = 2;
			};
			name = Debug;
		};
		56B86E161905E96800627A25 /* Release */ = {
			isa = XCBuildConfiguration;
			buildSettings = {
				ALWAYS_SEARCH_USER_PATHS = NO;
				AXLE_ENABLE_DEBUG_INFO = NO;
				CLANG_CXX_LANGUAGE_STANDARD = "gnu++0x";
				CLANG_CXX_LIBRARY = "libc++";
				CLANG_ENABLE_MODULES = YES;
				CLANG_ENABLE_OBJC_ARC = YES;
				CLANG_WARN_ASSIGN_ENUM = YES;
				CLANG_WARN_BOOL_CONVERSION = YES;
				CLANG_WARN_CONSTANT_CONVERSION = YES;
				CLANG_WARN_DIRECT_OBJC_ISA_USAGE = YES_ERROR;
				CLANG_WARN_EMPTY_BODY = YES;
				CLANG_WARN_ENUM_CONVERSION = YES;
				CLANG_WARN_INT_CONVERSION = YES;
				CLANG_WARN_OBJC_ROOT_CLASS = YES_ERROR;
				CLANG_WARN__DUPLICATE_METHOD_MATCH = YES;
				"CODE_SIGN_IDENTITY[sdk=iphoneos*]" = "iPhone Developer";
				COPY_PHASE_STRIP = YES;
				ENABLE_NS_ASSERTIONS = NO;
				GCC_C_LANGUAGE_STANDARD = gnu99;
				GCC_WARN_64_TO_32_BIT_CONVERSION = YES;
				GCC_WARN_ABOUT_RETURN_TYPE = YES_ERROR;
				GCC_WARN_UNDECLARED_SELECTOR = YES;
				GCC_WARN_UNINITIALIZED_AUTOS = YES_AGGRESSIVE;
				GCC_WARN_UNUSED_FUNCTION = YES;
				GCC_WARN_UNUSED_VARIABLE = YES;
				IPHONEOS_DEPLOYMENT_TARGET = 8.0;
				SDKROOT = iphoneos;
				TARGETED_DEVICE_FAMILY = 2;
				VALIDATE_PRODUCT = YES;
			};
			name = Release;
		};
		56B86E181905E96800627A25 /* Debug */ = {
			isa = XCBuildConfiguration;
			buildSettings = {
				ASSETCATALOG_COMPILER_APPICON_NAME = AppIcon;
				ASSETCATALOG_COMPILER_LAUNCHIMAGE_NAME = LaunchImage;
				CODE_SIGN_IDENTITY = "iPhone Developer: David Liu (8EBH9NC568)";
				"CODE_SIGN_IDENTITY[sdk=iphoneos*]" = "iPhone Developer: David Liu (8EBH9NC568)";
				GCC_PRECOMPILE_PREFIX_HEADER = YES;
				GCC_PREFIX_HEADER = "VideoTimeLine/VideoTimeLine-Prefix.pch";
				INFOPLIST_FILE = "VideoTimeLine/VideoTimeLine-Info.plist";
				LD_RUNPATH_SEARCH_PATHS = "$(inherited) @executable_path/Frameworks";
				PRODUCT_NAME = "$(TARGET_NAME)";
				PROVISIONING_PROFILE = "78AAADA9-E81A-43EF-8788-02B6FA7F42BB";
				SDKROOT = iphoneos;
				TARGETED_DEVICE_FAMILY = "1,2";
			};
			name = Debug;
		};
		56B86E191905E96800627A25 /* Release */ = {
			isa = XCBuildConfiguration;
			buildSettings = {
				ASSETCATALOG_COMPILER_APPICON_NAME = AppIcon;
				ASSETCATALOG_COMPILER_LAUNCHIMAGE_NAME = LaunchImage;
				CODE_SIGN_IDENTITY = "iPhone Developer: David Liu (8EBH9NC568)";
				"CODE_SIGN_IDENTITY[sdk=iphoneos*]" = "iPhone Developer: David Liu (8EBH9NC568)";
				GCC_PRECOMPILE_PREFIX_HEADER = YES;
				GCC_PREFIX_HEADER = "VideoTimeLine/VideoTimeLine-Prefix.pch";
				INFOPLIST_FILE = "VideoTimeLine/VideoTimeLine-Info.plist";
				LD_RUNPATH_SEARCH_PATHS = "$(inherited) @executable_path/Frameworks";
				PRODUCT_NAME = "$(TARGET_NAME)";
				PROVISIONING_PROFILE = "78AAADA9-E81A-43EF-8788-02B6FA7F42BB";
				SDKROOT = iphoneos;
				TARGETED_DEVICE_FAMILY = "1,2";
			};
			name = Release;
		};
		56B86E1B1905E96800627A25 /* Debug */ = {
			isa = XCBuildConfiguration;
			buildSettings = {
				BUNDLE_LOADER = "$(BUILT_PRODUCTS_DIR)/VideoTimeLine.app/VideoTimeLine";
				FRAMEWORK_SEARCH_PATHS = (
					"$(SDKROOT)/Developer/Library/Frameworks",
					"$(inherited)",
				);
				GCC_PRECOMPILE_PREFIX_HEADER = YES;
				GCC_PREFIX_HEADER = "VideoTimeLine/VideoTimeLine-Prefix.pch";
				GCC_PREPROCESSOR_DEFINITIONS = (
					"DEBUG=1",
					"$(inherited)",
				);
				INFOPLIST_FILE = "VideoTimeLineTests/VideoTimeLineTests-Info.plist";
				PRODUCT_NAME = "$(TARGET_NAME)";
				TEST_HOST = "$(BUNDLE_LOADER)";
				WRAPPER_EXTENSION = xctest;
			};
			name = Debug;
		};
		56B86E1C1905E96800627A25 /* Release */ = {
			isa = XCBuildConfiguration;
			buildSettings = {
				BUNDLE_LOADER = "$(BUILT_PRODUCTS_DIR)/VideoTimeLine.app/VideoTimeLine";
				FRAMEWORK_SEARCH_PATHS = (
					"$(SDKROOT)/Developer/Library/Frameworks",
					"$(inherited)",
				);
				GCC_PRECOMPILE_PREFIX_HEADER = YES;
				GCC_PREFIX_HEADER = "VideoTimeLine/VideoTimeLine-Prefix.pch";
				INFOPLIST_FILE = "VideoTimeLineTests/VideoTimeLineTests-Info.plist";
				PRODUCT_NAME = "$(TARGET_NAME)";
				TEST_HOST = "$(BUNDLE_LOADER)";
				WRAPPER_EXTENSION = xctest;
			};
			name = Release;
		};
/* End XCBuildConfiguration section */

/* Begin XCConfigurationList section */
		56B86DEB1905E96800627A25 /* Build configuration list for PBXProject "VideoTimeLine" */ = {
			isa = XCConfigurationList;
			buildConfigurations = (
				56B86E151905E96800627A25 /* Debug */,
				56B86E161905E96800627A25 /* Release */,
			);
			defaultConfigurationIsVisible = 0;
			defaultConfigurationName = Release;
		};
		56B86E171905E96800627A25 /* Build configuration list for PBXNativeTarget "VideoTimeLine" */ = {
			isa = XCConfigurationList;
			buildConfigurations = (
				56B86E181905E96800627A25 /* Debug */,
				56B86E191905E96800627A25 /* Release */,
			);
			defaultConfigurationIsVisible = 0;
			defaultConfigurationName = Release;
		};
		56B86E1A1905E96800627A25 /* Build configuration list for PBXNativeTarget "VideoTimeLineTests" */ = {
			isa = XCConfigurationList;
			buildConfigurations = (
				56B86E1B1905E96800627A25 /* Debug */,
				56B86E1C1905E96800627A25 /* Release */,
			);
			defaultConfigurationIsVisible = 0;
			defaultConfigurationName = Release;
		};
/* End XCConfigurationList section */
	};
	rootObject = 56B86DE81905E96800627A25 /* Project object */;
}
